
Microsoft Visual Studio Solution File, Format Version 12.00
Project("{FAE04EC0-301F-11D3-BF4B-00C04F79EFBC}") = "Mission02", "Mission02\Mission02.csproj", "{20463566-2F53-4610-8824-D018F4C707C1}"
EndProject
Global
	GlobalSection(SolutionConfigurationPlatforms) = preSolution
		Debug|Any CPU = Debug|Any CPU
		Release|Any CPU = Release|Any CPU
	EndGlobalSection
	GlobalSection(ProjectConfigurationPlatforms) = postSolution
		{20463566-2F53-4610-8824-D018F4C707C1}.Debug|Any CPU.ActiveCfg = Debug|Any CPU
		{20463566-2F53-4610-8824-D018F4C707C1}.Debug|Any CPU.Build.0 = Debug|Any CPU
		{20463566-2F53-4610-8824-D018F4C707C1}.Release|Any CPU.ActiveCfg = Release|Any CPU
		{20463566-2F53-4610-8824-D018F4C707C1}.Release|Any CPU.Build.0 = Release|Any CPU
	EndGlobalSection
EndGlobal
